
Microsoft Visual Studio Solution File, Format Version 12.00
# Visual Studio Version 17
VisualStudioVersion = 17.14.36127.28
MinimumVisualStudioVersion = 10.0.40219.1
Project("{FAE04EC0-301F-11D3-BF4B-00C04F79EFBC}") = "file2prompt", "file2prompt\file2prompt.csproj", "{1695D27E-6B4B-9E1B-1744-3EAA4F55FE6F}"
EndProject
Project("{FAE04EC0-301F-11D3-BF4B-00C04F79EFBC}") = "file2prompt.Desktop", "file2prompt.Desktop\file2prompt.Desktop.csproj", "{531DF202-8871-A4FD-4022-4EB03F51505D}"
EndProject
Project("{FAE04EC0-301F-11D3-BF4B-00C04F79EFBC}") = "file2prompt.Core", "file2prompt.Core\file2prompt.Core.csproj", "{D258890C-ABA5-4B3A-9BC5-9064BEFE1AF4}"
EndProject
Project("{FAE04EC0-301F-11D3-BF4B-00C04F79EFBC}") = "file2prompt.UnitTests", "file2prompt.UnitTests\file2prompt.UnitTests.csproj", "{A44500AA-81F9-4369-A8D1-A2445A64C444}"
EndProject
Global
	GlobalSection(SolutionConfigurationPlatforms) = preSolution
		Debug|Any CPU = Debug|Any CPU
		Release|Any CPU = Release|Any CPU
	EndGlobalSection
	GlobalSection(ProjectConfigurationPlatforms) = postSolution
		{1695D27E-6B4B-9E1B-1744-3EAA4F55FE6F}.Debug|Any CPU.ActiveCfg = Debug|Any CPU
		{1695D27E-6B4B-9E1B-1744-3EAA4F55FE6F}.Debug|Any CPU.Build.0 = Debug|Any CPU
		{1695D27E-6B4B-9E1B-1744-3EAA4F55FE6F}.Release|Any CPU.ActiveCfg = Release|Any CPU
		{1695D27E-6B4B-9E1B-1744-3EAA4F55FE6F}.Release|Any CPU.Build.0 = Release|Any CPU
		{531DF202-8871-A4FD-4022-4EB03F51505D}.Debug|Any CPU.ActiveCfg = Debug|Any CPU
		{531DF202-8871-A4FD-4022-4EB03F51505D}.Debug|Any CPU.Build.0 = Debug|Any CPU
		{531DF202-8871-A4FD-4022-4EB03F51505D}.Release|Any CPU.ActiveCfg = Release|Any CPU
		{531DF202-8871-A4FD-4022-4EB03F51505D}.Release|Any CPU.Build.0 = Release|Any CPU
		{D258890C-ABA5-4B3A-9BC5-9064BEFE1AF4}.Debug|Any CPU.ActiveCfg = Debug|Any CPU
		{D258890C-ABA5-4B3A-9BC5-9064BEFE1AF4}.Debug|Any CPU.Build.0 = Debug|Any CPU
		{D258890C-ABA5-4B3A-9BC5-9064BEFE1AF4}.Release|Any CPU.ActiveCfg = Release|Any CPU
		{D258890C-ABA5-4B3A-9BC5-9064BEFE1AF4}.Release|Any CPU.Build.0 = Release|Any CPU
		{A44500AA-81F9-4369-A8D1-A2445A64C444}.Debug|Any CPU.ActiveCfg = Debug|Any CPU
		{A44500AA-81F9-4369-A8D1-A2445A64C444}.Debug|Any CPU.Build.0 = Debug|Any CPU
		{A44500AA-81F9-4369-A8D1-A2445A64C444}.Release|Any CPU.ActiveCfg = Release|Any CPU
		{A44500AA-81F9-4369-A8D1-A2445A64C444}.Release|Any CPU.Build.0 = Release|Any CPU
	EndGlobalSection
	GlobalSection(SolutionProperties) = preSolution
		HideSolutionNode = FALSE
	EndGlobalSection
	GlobalSection(ExtensibilityGlobals) = postSolution
		SolutionGuid = {17AFAFC1-AB46-45F8-B2BA-FBD2F1E9AC38}
	EndGlobalSection
EndGlobal
